	<Project xmlns="http://schemas.microsoft.com/developer/msbuild/2003">
		<PropertyGroup>
			<ProjectGuid>{D9F296DA-36F0-4CD7-9C32-2BBCC0534CD8}</ProjectGuid>
			<MainSource>UPEdit.dpr</MainSource>
			<Config Condition="'$(Config)'==''">Release</Config>
			<DCC_DCCCompiler>DCC32</DCC_DCCCompiler>
			<ProjectVersion>12.0</ProjectVersion>
		</PropertyGroup>
		<PropertyGroup Condition="'$(Config)'=='Base' or '$(Base)'!=''">
			<Base>true</Base>
		</PropertyGroup>
		<PropertyGroup Condition="'$(Config)'=='Release' or '$(Cfg_1)'!=''">
			<Cfg_1>true</Cfg_1>
			<CfgParent>Base</CfgParent>
			<Base>true</Base>
		</PropertyGroup>
		<PropertyGroup Condition="'$(Config)'=='Debug' or '$(Cfg_2)'!=''">
			<Cfg_2>true</Cfg_2>
			<CfgParent>Base</CfgParent>
			<Base>true</Base>
		</PropertyGroup>
		<PropertyGroup Condition="'$(Base)'!=''">
			<DCC_UnitSearchPath>D:\project\upedit\D_CB_2010;$(DCC_UnitSearchPath)</DCC_UnitSearchPath>
			<BRCC_IncludePath>D_CB_2010;$(BRCC_IncludePath)</BRCC_IncludePath>
			<DCC_UsePackage>XLSRWII4_D2010;vcl;rtl;vclimg;dbrtl</DCC_UsePackage>
			<DCC_UnitAlias>WinTypes=Windows;WinProcs=Windows;$(DCC_UnitAlias)</DCC_UnitAlias>
			<DCC_DependencyCheckOutputName>UPEdit.exe</DCC_DependencyCheckOutputName>
			<DCC_ImageBase>00400000</DCC_ImageBase>
			<DCC_Platform>x86</DCC_Platform>
		</PropertyGroup>
		<PropertyGroup Condition="'$(Cfg_1)'!=''">
			<DCC_LocalDebugSymbols>false</DCC_LocalDebugSymbols>
			<DCC_Define>RELEASE;$(DCC_Define)</DCC_Define>
			<DCC_SymbolReferenceInfo>0</DCC_SymbolReferenceInfo>
			<DCC_DebugInformation>false</DCC_DebugInformation>
		</PropertyGroup>
		<PropertyGroup Condition="'$(Cfg_2)'!=''">
			<DCC_Define>DEBUG;$(DCC_Define)</DCC_Define>
		</PropertyGroup>
		<ItemGroup>
			<DelphiCompile Include="UPEdit.dpr">
				<MainSource>MainSource</MainSource>
			</DelphiCompile>
			<DCCReference Include="head.pas"/>
			<DCCReference Include="Main.pas">
				<Form>MainForm</Form>
			</DCCReference>
			<DCCReference Include="opendisplay.pas">
				<Form>FlashForm</Form>
			</DCCReference>
			<DCCReference Include="openprocess.pas">
				<Form>processForm</Form>
			</DCCReference>
			<DCCReference Include="about.pas">
				<Form>AboutBox</Form>
			</DCCReference>
			<DCCReference Include="TAKEIN.PAS">
				<Form>Form1</Form>
			</DCCReference>
			<DCCReference Include="grpedit.pas">
				<Form>Form2</Form>
			</DCCReference>
			<DCCReference Include="grplist.pas">
				<Form>Form3</Form>
			</DCCReference>
			<DCCReference Include="picedit.pas">
				<Form>Form4</Form>
			</DCCReference>
			<DCCReference Include="Redit.pas">
				<Form>Form5</Form>
			</DCCReference>
			<DCCReference Include="Reditform.pas">
				<Form>Form6</Form>
			</DCCReference>
			<DCCReference Include="kdef\KDEFedit.pas">
				<Form>Form7</Form>
			</DCCReference>
			<DCCReference Include="setlanguage.pas">
				<Form>Form8</Form>
			</DCCReference>
			<DCCReference Include="kdef\newinstruct.pas">
				<Form>Form9</Form>
			</DCCReference>
			<DCCReference Include="WarEdit.pas">
				<Form>Form10</Form>
			</DCCReference>
			<DCCReference Include="WarMapEdit.pas">
				<Form>Form11</Form>
			</DCCReference>
			<DCCReference Include="SenceMapEdit.pas">
				<Form>Form12</Form>
			</DCCReference>
			<DCCReference Include="MainMapEdit.pas">
				<Form>Form13</Form>
			</DCCReference>
			<DCCReference Include="kdef\Ict_1.pas">
				<Form>Form14</Form>
			</DCCReference>
			<DCCReference Include="kdef\Ict_2.pas">
				<Form>Form15</Form>
			</DCCReference>
			<DCCReference Include="kdef\Ict_3.pas">
				<Form>Form16</Form>
			</DCCReference>
			<DCCReference Include="kdef\Ict_4.pas">
				<Form>Form17</Form>
			</DCCReference>
			<DCCReference Include="kdef\Ict_5.pas">
				<Form>Form18</Form>
			</DCCReference>
			<DCCReference Include="kdef\Ict_6.pas">
				<Form>Form19</Form>
			</DCCReference>
			<DCCReference Include="kdef\Ict_8.pas">
				<Form>Form20</Form>
			</DCCReference>
			<DCCReference Include="kdef\Ict_10.pas">
				<Form>Form21</Form>
			</DCCReference>
			<DCCReference Include="kdef\Ict_16.pas">
				<Form>Form22</Form>
			</DCCReference>
			<DCCReference Include="kdef\Ict_17.pas">
				<Form>Form23</Form>
			</DCCReference>
			<DCCReference Include="kdef\Ict_19.pas">
				<Form>Form24</Form>
			</DCCReference>
			<DCCReference Include="kdef\Ict_23.pas">
				<Form>Form25</Form>
			</DCCReference>
			<DCCReference Include="kdef\Ict_25.pas">
				<Form>Form26</Form>
			</DCCReference>
			<DCCReference Include="kdef\Ict_26.pas">
				<Form>Form27</Form>
			</DCCReference>
			<DCCReference Include="kdef\Ict_27.pas">
				<Form>Form28</Form>
			</DCCReference>
			<DCCReference Include="kdef\Ict_28.pas">
				<Form>Form29</Form>
			</DCCReference>
			<DCCReference Include="kdef\Ict_31.pas">
				<Form>Form30</Form>
			</DCCReference>
			<DCCReference Include="kdef\Ict_33.pas">
				<Form>Form31</Form>
			</DCCReference>
			<DCCReference Include="kdef\ict_35.pas">
				<Form>Form32</Form>
			</DCCReference>
			<DCCReference Include="kdef\Ict_36.pas">
				<Form>Form33</Form>
			</DCCReference>
			<DCCReference Include="kdef\Ict_37.pas">
				<Form>Form34</Form>
			</DCCReference>
			<DCCReference Include="kdef\Ict_38.pas">
				<Form>Form35</Form>
			</DCCReference>
			<DCCReference Include="kdef\Ict_41.pas">
				<Form>Form36</Form>
			</DCCReference>
			<DCCReference Include="kdef\Ict_44.pas">
				<Form>Form37</Form>
			</DCCReference>
			<DCCReference Include="kdef\Ict_68.pas">
				<Form>Form38</Form>
			</DCCReference>
			<DCCReference Include="kdef\Ict_60.pas">
				<Form>Form39</Form>
			</DCCReference>
			<DCCReference Include="kdef\Ict_69.pas">
				<Form>Form40</Form>
			</DCCReference>
			<DCCReference Include="kdef\Ict_70.pas">
				<Form>Form41</Form>
			</DCCReference>
			<DCCReference Include="kdef\ict_71.pas">
				<Form>Form42</Form>
			</DCCReference>
			<DCCReference Include="kdef\Ict_50_0.pas">
				<Form>Form43</Form>
			</DCCReference>
			<DCCReference Include="kdef\New50Instruct.pas">
				<Form>Form44</Form>
			</DCCReference>
			<DCCReference Include="kdef\Ict_50_1.pas">
				<Form>Form45</Form>
			</DCCReference>
			<DCCReference Include="kdef\Ict_50_2.pas">
				<Form>Form46</Form>
			</DCCReference>
			<DCCReference Include="kdef\Ict_50_3.pas">
				<Form>Form47</Form>
			</DCCReference>
			<DCCReference Include="kdef\Ict_50_4.pas">
				<Form>Form48</Form>
			</DCCReference>
			<DCCReference Include="kdef\Ict_50_8.pas">
				<Form>Form49</Form>
			</DCCReference>
			<DCCReference Include="kdef\Ict_50_9.pas">
				<Form>Form50</Form>
			</DCCReference>
			<DCCReference Include="kdef\Ict_50_10.pas">
				<Form>Form51</Form>
			</DCCReference>
			<DCCReference Include="kdef\Ict_50_11.pas">
				<Form>Form52</Form>
			</DCCReference>
			<DCCReference Include="kdef\Ict_50_12.pas">
				<Form>Form53</Form>
			</DCCReference>
			<DCCReference Include="kdef\Ict_50_16.pas">
				<Form>Form54</Form>
			</DCCReference>
			<DCCReference Include="kdef\Ict_50_17.pas">
				<Form>Form55</Form>
			</DCCReference>
			<DCCReference Include="kdef\Ict_50_18.pas">
				<Form>Form56</Form>
			</DCCReference>
			<DCCReference Include="kdef\Ict_50_19.pas">
				<Form>Form57</Form>
			</DCCReference>
			<DCCReference Include="kdef\Ict_50_20.pas">
				<Form>Form58</Form>
			</DCCReference>
			<DCCReference Include="kdef\Ict_50_21.pas">
				<Form>Form59</Form>
			</DCCReference>
			<DCCReference Include="kdef\Ict_50_22.pas">
				<Form>Form60</Form>
			</DCCReference>
			<DCCReference Include="kdef\Ict_50_23.pas">
				<Form>Form61</Form>
			</DCCReference>
			<DCCReference Include="kdef\Ict_50_24.pas">
				<Form>Form62</Form>
			</DCCReference>
			<DCCReference Include="kdef\Ict_50_25.pas">
				<Form>Form63</Form>
			</DCCReference>
			<DCCReference Include="kdef\Ict_50_26.pas">
				<Form>Form64</Form>
			</DCCReference>
			<DCCReference Include="kdef\Ict_50_27.pas">
				<Form>Form65</Form>
			</DCCReference>
			<DCCReference Include="kdef\Ict_50_28.pas">
				<Form>Form66</Form>
			</DCCReference>
			<DCCReference Include="kdef\Ict_50_29.pas">
				<Form>Form67</Form>
			</DCCReference>
			<DCCReference Include="kdef\Ict_50_30.pas">
				<Form>Form68</Form>
			</DCCReference>
			<DCCReference Include="kdef\Ict_50_31.pas">
				<Form>Form69</Form>
			</DCCReference>
			<DCCReference Include="kdef\Ict_50_32.pas">
				<Form>Form70</Form>
			</DCCReference>
			<DCCReference Include="kdef\Ict_50_33.pas">
				<Form>Form71</Form>
			</DCCReference>
			<DCCReference Include="kdef\Ict_50_34.pas">
				<Form>Form72</Form>
			</DCCReference>
			<DCCReference Include="kdef\Ict_50_35.pas">
				<Form>Form73</Form>
			</DCCReference>
			<DCCReference Include="kdef\Ict_50_37.pas">
				<Form>Form74</Form>
			</DCCReference>
			<DCCReference Include="kdef\Ict_50_38.pas">
				<Form>Form75</Form>
			</DCCReference>
			<DCCReference Include="kdef\Ict_50_39.pas">
				<Form>Form76</Form>
			</DCCReference>
			<DCCReference Include="kdef\Ict_50_40.pas">
				<Form>Form77</Form>
			</DCCReference>
			<DCCReference Include="kdef\Ict_50_41.pas">
				<Form>Form78</Form>
			</DCCReference>
			<DCCReference Include="kdef\Ict_50_42.pas">
				<Form>Form79</Form>
			</DCCReference>
			<DCCReference Include="kdef\Ict_50_43.pas">
				<Form>Form80</Form>
			</DCCReference>
			<DCCReference Include="kdef\Ict_50_44.pas">
				<Form>Form81</Form>
			</DCCReference>
			<DCCReference Include="kdef\Ict_50_45.pas">
				<Form>Form82</Form>
			</DCCReference>
			<DCCReference Include="kdef\Ict_50_46.pas">
				<Form>Form83</Form>
			</DCCReference>
			<DCCReference Include="kdef\Ict_50_47.pas">
				<Form>Form84</Form>
			</DCCReference>
			<DCCReference Include="kdef\Ict_50_48.pas">
				<Form>Form85</Form>
			</DCCReference>
			<DCCReference Include="Replicatedlist.pas">
				<Form>Form86</Form>
			</DCCReference>
			<DCCReference Include="Update.pas">
				<Form>Form87</Form>
			</DCCReference>
			<DCCReference Include="outputPNG.pas">
				<Form>Form88</Form>
			</DCCReference>
			<DCCReference Include="CYhead.pas">
				<Form>Form89</Form>
			</DCCReference>
			<DCCReference Include="CYheadOutput.pas">
				<Form>Form90</Form>
			</DCCReference>
			<DCCReference Include="Lua.pas"/>
			<DCCReference Include="TxtLeadin.pas">
				<Form>Form91</Form>
			</DCCReference>
			<DCCReference Include="FileRelation.pas">
				<Form>Form92</Form>
			</DCCReference>
			<DCCReference Include="outputMap.pas">
				<Form>Form93</Form>
			</DCCReference>
			<DCCReference Include="mouse.pas"/>
			<DCCReference Include="PNGimport.pas">
				<Form>Form94</Form>
			</DCCReference>
			<DCCReference Include="PNGimportModify.pas">
				<Form>Form95</Form>
			</DCCReference>
			<DCCReference Include="imagez.pas">
				<Form>ImzForm</Form>
			</DCCReference>
			<DCCReference Include="imzPNGedit.pas">
				<Form>ImzPNGeditForm</Form>
			</DCCReference>
			<DCCReference Include="ImzObject.pas"/>
			<DCCReference Include="kdef\InstructGuide.pas">
				<Form>inctGuide</Form>
			</DCCReference>
			<BuildConfiguration Include="Base">
				<Key>Base</Key>
			</BuildConfiguration>
			<BuildConfiguration Include="Debug">
				<Key>Cfg_2</Key>
				<CfgParent>Base</CfgParent>
			</BuildConfiguration>
			<BuildConfiguration Include="Release">
				<Key>Cfg_1</Key>
				<CfgParent>Base</CfgParent>
			</BuildConfiguration>
		</ItemGroup>
		<Import Project="$(BDS)\Bin\CodeGear.Delphi.Targets" Condition="Exists('$(BDS)\Bin\CodeGear.Delphi.Targets')"/>
		<ProjectExtensions>
			<Borland.Personality>Delphi.Personality.12</Borland.Personality>
			<Borland.ProjectType>VCLApplication</Borland.ProjectType>
			<BorlandProject>
				<Delphi.Personality>
					<Source>
						<Source Name="MainSource">UPEdit.dpr</Source>
					</Source>
					<Parameters>
						<Parameters Name="UseLauncher">False</Parameters>
						<Parameters Name="LoadAllSymbols">True</Parameters>
						<Parameters Name="LoadUnspecifiedSymbols">False</Parameters>
					</Parameters>
					<VersionInfo>
						<VersionInfo Name="IncludeVerInfo">True</VersionInfo>
						<VersionInfo Name="AutoIncBuild">True</VersionInfo>
						<VersionInfo Name="MajorVer">1</VersionInfo>
						<VersionInfo Name="MinorVer">16</VersionInfo>
						<VersionInfo Name="Release">0</VersionInfo>
						<VersionInfo Name="Build">729</VersionInfo>
						<VersionInfo Name="Debug">False</VersionInfo>
						<VersionInfo Name="PreRelease">False</VersionInfo>
						<VersionInfo Name="Special">False</VersionInfo>
						<VersionInfo Name="Private">False</VersionInfo>
						<VersionInfo Name="DLL">False</VersionInfo>
						<VersionInfo Name="Locale">2052</VersionInfo>
						<VersionInfo Name="CodePage">936</VersionInfo>
					</VersionInfo>
					<VersionInfoKeys>
						<VersionInfoKeys Name="CompanyName">Upwinded</VersionInfoKeys>
						<VersionInfoKeys Name="FileDescription">Editor--Special for All Heros in Kam Yung&apos;s Stories</VersionInfoKeys>
						<VersionInfoKeys Name="FileVersion">1.16.0.729</VersionInfoKeys>
						<VersionInfoKeys Name="InternalName">UPE</VersionInfoKeys>
						<VersionInfoKeys Name="LegalCopyright">©2011 Upwinded L. Some rights reserved.</VersionInfoKeys>
						<VersionInfoKeys Name="LegalTrademarks">UPE</VersionInfoKeys>
						<VersionInfoKeys Name="OriginalFilename">Upwinded editor</VersionInfoKeys>
						<VersionInfoKeys Name="ProductName">UPedit</VersionInfoKeys>
						<VersionInfoKeys Name="ProductVersion">Formal Version</VersionInfoKeys>
						<VersionInfoKeys Name="Comments">Editor--Special for All Heros in Kam Yung&apos;s Stories</VersionInfoKeys>
					</VersionInfoKeys>
					<Excluded_Packages>
						<Excluded_Packages Name="$(BDS)\bin\samplevisualizers140.bpl">Embarcadero Sample Debugger Visualizers</Excluded_Packages>
						<Excluded_Packages Name="$(BDS)\bin\bcboffice2k140.bpl">Embarcadero C++Builder Office 2000 Servers Package</Excluded_Packages>
						<Excluded_Packages Name="$(BDS)\bin\bcbofficexp140.bpl">Embarcadero C++Builder Office XP Servers Package</Excluded_Packages>
						<Excluded_Packages Name="$(BDS)\bin\dcloffice2k140.bpl">Microsoft Office 2000 Sample Automation Server Wrapper Components</Excluded_Packages>
						<Excluded_Packages Name="$(BDS)\bin\dclofficexp140.bpl">Microsoft Office XP Sample Automation Server Wrapper Components</Excluded_Packages>
					</Excluded_Packages>
				</Delphi.Personality>
			</BorlandProject>
			<ProjectFileVersion>12</ProjectFileVersion>
		</ProjectExtensions>
	</Project>
